
Microsoft Visual Studio Solution File, Format Version 12.00
# Visual Studio Version 17
VisualStudioVersion = 17.9.34723.18
MinimumVisualStudioVersion = 10.0.40219.1
Project("{FAE04EC0-301F-11D3-BF4B-00C04F79EFBC}") = "PythonLoader", "PythonLoader\PythonLoader.csproj", "{67121CFD-904C-4AF0-83D1-E4CE040229FE}"
EndProject
Global
	GlobalSection(SolutionConfigurationPlatforms) = preSolution
		Debug|Any CPU = Debug|Any CPU
		Release|Any CPU = Release|Any CPU
	EndGlobalSection
	GlobalSection(ProjectConfigurationPlatforms) = postSolution
		{67121CFD-904C-4AF0-83D1-E4CE040229FE}.Debug|Any CPU.ActiveCfg = Debug|Any CPU
		{67121CFD-904C-4AF0-83D1-E4CE040229FE}.Debug|Any CPU.Build.0 = Debug|Any CPU
		{67121CFD-904C-4AF0-83D1-E4CE040229FE}.Release|Any CPU.ActiveCfg = Release|Any CPU
		{67121CFD-904C-4AF0-83D1-E4CE040229FE}.Release|Any CPU.Build.0 = Release|Any CPU
	EndGlobalSection
	GlobalSection(SolutionProperties) = preSolution
		HideSolutionNode = FALSE
	EndGlobalSection
	GlobalSection(ExtensibilityGlobals) = postSolution
		SolutionGuid = {46A526C0-0F7D-4744-B52A-C15B37B5D0A4}
	EndGlobalSection
EndGlobal
